// !$*UTF8*$!
{
	archiveVersion = 1;
	classes = {
	};
	objectVersion = 50;
	objects = {

/* Begin PBXBuildFile section */
		18BB83CD237AB74D00AA1154 /* AppDelegate.swift in Sources */ = {isa = PBXBuildFile; fileRef = 18BB83CC237AB74D00AA1154 /* AppDelegate.swift */; };
		18BB83CF237AB74D00AA1154 /* SceneDelegate.swift in Sources */ = {isa = PBXBuildFile; fileRef = 18BB83CE237AB74D00AA1154 /* SceneDelegate.swift */; };
		18BB83D2237AB74D00AA1154 /* StringCalculator.xcdatamodeld in Sources */ = {isa = PBXBuildFile; fileRef = 18BB83D0237AB74D00AA1154 /* StringCalculator.xcdatamodeld */; };
		18BB83D4237AB74D00AA1154 /* ContentView.swift in Sources */ = {isa = PBXBuildFile; fileRef = 18BB83D3237AB74D00AA1154 /* ContentView.swift */; };
		18BB83D6237AB74F00AA1154 /* Assets.xcassets in Resources */ = {isa = PBXBuildFile; fileRef = 18BB83D5237AB74F00AA1154 /* Assets.xcassets */; };
		18BB83D9237AB74F00AA1154 /* Preview Assets.xcassets in Resources */ = {isa = PBXBuildFile; fileRef = 18BB83D8237AB74F00AA1154 /* Preview Assets.xcassets */; };
		18BB83DC237AB74F00AA1154 /* LaunchScreen.storyboard in Resources */ = {isa = PBXBuildFile; fileRef = 18BB83DA237AB74F00AA1154 /* LaunchScreen.storyboard */; };
		18BB83E7237AB74F00AA1154 /* StringCalculatorTests.swift in Sources */ = {isa = PBXBuildFile; fileRef = 18BB83E6237AB74F00AA1154 /* StringCalculatorTests.swift */; };
		18BB83F2237AB75000AA1154 /* StringCalculatorUITests.swift in Sources */ = {isa = PBXBuildFile; fileRef = 18BB83F1237AB75000AA1154 /* StringCalculatorUITests.swift */; };
/* End PBXBuildFile section */

/* Begin PBXContainerItemProxy section */
		18BB83E3237AB74F00AA1154 /* PBXContainerItemProxy */ = {
			isa = PBXContainerItemProxy;
			containerPortal = 18BB83C1237AB74D00AA1154 /* Project object */;
			proxyType = 1;
			remoteGlobalIDString = 18BB83C8237AB74D00AA1154;
			remoteInfo = StringCalculator;
		};
		18BB83EE237AB75000AA1154 /* PBXContainerItemProxy */ = {
			isa = PBXContainerItemProxy;
			containerPortal = 18BB83C1237AB74D00AA1154 /* Project object */;
			proxyType = 1;
			remoteGlobalIDString = 18BB83C8237AB74D00AA1154;
			remoteInfo = StringCalculator;
		};
/* End PBXContainerItemProxy section */

/* Begin PBXFileReference section */
		18BB83C9237AB74D00AA1154 /* StringCalculator.app */ = {isa = PBXFileReference; explicitFileType = wrapper.application; includeInIndex = 0; path = StringCalculator.app; sourceTree = BUILT_PRODUCTS_DIR; };
		18BB83CC237AB74D00AA1154 /* AppDelegate.swift */ = {isa = PBXFileReference; lastKnownFileType = sourcecode.swift; path = AppDelegate.swift; sourceTree = "<group>"; };
		18BB83CE237AB74D00AA1154 /* SceneDelegate.swift */ = {isa = PBXFileReference; lastKnownFileType = sourcecode.swift; path = SceneDelegate.swift; sourceTree = "<group>"; };
		18BB83D1237AB74D00AA1154 /* StringCalculator.xcdatamodel */ = {isa = PBXFileReference; lastKnownFileType = wrapper.xcdatamodel; path = StringCalculator.xcdatamodel; sourceTree = "<group>"; };
		18BB83D3237AB74D00AA1154 /* ContentView.swift */ = {isa = PBXFileReference; lastKnownFileType = sourcecode.swift; path = ContentView.swift; sourceTree = "<group>"; };
		18BB83D5237AB74F00AA1154 /* Assets.xcassets */ = {isa = PBXFileReference; lastKnownFileType = folder.assetcatalog; path = Assets.xcassets; sourceTree = "<group>"; };
		18BB83D8237AB74F00AA1154 /* Preview Assets.xcassets */ = {isa = PBXFileReference; lastKnownFileType = folder.assetcatalog; path = "Preview Assets.xcassets"; sourceTree = "<group>"; };
		18BB83DB237AB74F00AA1154 /* Base */ = {isa = PBXFileReference; lastKnownFileType = file.storyboard; name = Base; path = Base.lproj/LaunchScreen.storyboard; sourceTree = "<group>"; };
		18BB83DD237AB74F00AA1154 /* Info.plist */ = {isa = PBXFileReference; lastKnownFileType = text.plist.xml; path = Info.plist; sourceTree = "<group>"; };
		18BB83E2237AB74F00AA1154 /* StringCalculatorTests.xctest */ = {isa = PBXFileReference; explicitFileType = wrapper.cfbundle; includeInIndex = 0; path = StringCalculatorTests.xctest; sourceTree = BUILT_PRODUCTS_DIR; };
		18BB83E6237AB74F00AA1154 /* StringCalculatorTests.swift */ = {isa = PBXFileReference; lastKnownFileType = sourcecode.swift; path = StringCalculatorTests.swift; sourceTree = "<group>"; };
		18BB83E8237AB74F00AA1154 /* Info.plist */ = {isa = PBXFileReference; lastKnownFileType = text.plist.xml; path = Info.plist; sourceTree = "<group>"; };
		18BB83ED237AB75000AA1154 /* StringCalculatorUITests.xctest */ = {isa = PBXFileReference; explicitFileType = wrapper.cfbundle; includeInIndex = 0; path = StringCalculatorUITests.xctest; sourceTree = BUILT_PRODUCTS_DIR; };
		18BB83F1237AB75000AA1154 /* StringCalculatorUITests.swift */ = {isa = PBXFileReference; lastKnownFileType = sourcecode.swift; path = StringCalculatorUITests.swift; sourceTree = "<group>"; };
		18BB83F3237AB75000AA1154 /* Info.plist */ = {isa = PBXFileReference; lastKnownFileType = text.plist.xml; path = Info.plist; sourceTree = "<group>"; };
/* End PBXFileReference section */

/* Begin PBXFrameworksBuildPhase section */
		18BB83C6237AB74D00AA1154 /* Frameworks */ = {
			isa = PBXFrameworksBuildPhase;
			buildActionMask = 2147483647;
			files = (
			);
			runOnlyForDeploymentPostprocessing = 0;
		};
		18BB83DF237AB74F00AA1154 /* Frameworks */ = {
			isa = PBXFrameworksBuildPhase;
			buildActionMask = 2147483647;
			files = (
			);
			runOnlyForDeploymentPostprocessing = 0;
		};
		18BB83EA237AB75000AA1154 /* Frameworks */ = {
			isa = PBXFrameworksBuildPhase;
			buildActionMask = 2147483647;
			files = (
			);
			runOnlyForDeploymentPostprocessing = 0;
		};
/* End PBXFrameworksBuildPhase section */

/* Begin PBXGroup section */
		18BB83C0237AB74D00AA1154 = {
			isa = PBXGroup;
			children = (
				18BB83CB237AB74D00AA1154 /* StringCalculator */,
				18BB83E5237AB74F00AA1154 /* StringCalculatorTests */,
				18BB83F0237AB75000AA1154 /* StringCalculatorUITests */,
				18BB83CA237AB74D00AA1154 /* Products */,
			);
			sourceTree = "<group>";
		};
		18BB83CA237AB74D00AA1154 /* Products */ = {
			isa = PBXGroup;
			children = (
				18BB83C9237AB74D00AA1154 /* StringCalculator.app */,
				18BB83E2237AB74F00AA1154 /* StringCalculatorTests.xctest */,
				18BB83ED237AB75000AA1154 /* StringCalculatorUITests.xctest */,
			);
			name = Products;
			sourceTree = "<group>";
		};
		18BB83CB237AB74D00AA1154 /* StringCalculator */ = {
			isa = PBXGroup;
			children = (
				18BB83CC237AB74D00AA1154 /* AppDelegate.swift */,
				18BB83CE237AB74D00AA1154 /* SceneDelegate.swift */,
				18BB83D3237AB74D00AA1154 /* ContentView.swift */,
				18BB83D5237AB74F00AA1154 /* Assets.xcassets */,
				18BB83DA237AB74F00AA1154 /* LaunchScreen.storyboard */,
				18BB83DD237AB74F00AA1154 /* Info.plist */,
				18BB83D0237AB74D00AA1154 /* StringCalculator.xcdatamodeld */,
				18BB83D7237AB74F00AA1154 /* Preview Content */,
			);
			path = StringCalculator;
			sourceTree = "<group>";
		};
		18BB83D7237AB74F00AA1154 /* Preview Content */ = {
			isa = PBXGroup;
			children = (
				18BB83D8237AB74F00AA1154 /* Preview Assets.xcassets */,
			);
			path = "Preview Content";
			sourceTree = "<group>";
		};
		18BB83E5237AB74F00AA1154 /* StringCalculatorTests */ = {
			isa = PBXGroup;
			children = (
				18BB83E6237AB74F00AA1154 /* StringCalculatorTests.swift */,
				18BB83E8237AB74F00AA1154 /* Info.plist */,
			);
			path = StringCalculatorTests;
			sourceTree = "<group>";
		};
		18BB83F0237AB75000AA1154 /* StringCalculatorUITests */ = {
			isa = PBXGroup;
			children = (
				18BB83F1237AB75000AA1154 /* StringCalculatorUITests.swift */,
				18BB83F3237AB75000AA1154 /* Info.plist */,
			);
			path = StringCalculatorUITests;
			sourceTree = "<group>";
		};
/* End PBXGroup section */

/* Begin PBXNativeTarget section */
		18BB83C8237AB74D00AA1154 /* StringCalculator */ = {
			isa = PBXNativeTarget;
			buildConfigurationList = 18BB83F6237AB75000AA1154 /* Build configuration list for PBXNativeTarget "StringCalculator" */;
			buildPhases = (
				18BB83C5237AB74D00AA1154 /* Sources */,
				18BB83C6237AB74D00AA1154 /* Frameworks */,
				18BB83C7237AB74D00AA1154 /* Resources */,
			);
			buildRules = (
			);
			dependencies = (
			);
			name = StringCalculator;
			productName = StringCalculator;
			productReference = 18BB83C9237AB74D00AA1154 /* StringCalculator.app */;
			productType = "com.apple.product-type.application";
		};
		18BB83E1237AB74F00AA1154 /* StringCalculatorTests */ = {
			isa = PBXNativeTarget;
			buildConfigurationList = 18BB83F9237AB75000AA1154 /* Build configuration list for PBXNativeTarget "StringCalculatorTests" */;
			buildPhases = (
				18BB83DE237AB74F00AA1154 /* Sources */,
				18BB83DF237AB74F00AA1154 /* Frameworks */,
				18BB83E0237AB74F00AA1154 /* Resources */,
			);
			buildRules = (
			);
			dependencies = (
				18BB83E4237AB74F00AA1154 /* PBXTargetDependency */,
			);
			name = StringCalculatorTests;
			productName = StringCalculatorTests;
			productReference = 18BB83E2237AB74F00AA1154 /* StringCalculatorTests.xctest */;
			productType = "com.apple.product-type.bundle.unit-test";
		};
		18BB83EC237AB75000AA1154 /* StringCalculatorUITests */ = {
			isa = PBXNativeTarget;
			buildConfigurationList = 18BB83FC237AB75000AA1154 /* Build configuration list for PBXNativeTarget "StringCalculatorUITests" */;
			buildPhases = (
				18BB83E9237AB75000AA1154 /* Sources */,
				18BB83EA237AB75000AA1154 /* Frameworks */,
				18BB83EB237AB75000AA1154 /* Resources */,
			);
			buildRules = (
			);
			dependencies = (
				18BB83EF237AB75000AA1154 /* PBXTargetDependency */,
			);
			name = StringCalculatorUITests;
			productName = StringCalculatorUITests;
			productReference = 18BB83ED237AB75000AA1154 /* StringCalculatorUITests.xctest */;
			productType = "com.apple.product-type.bundle.ui-testing";
		};
/* End PBXNativeTarget section */

/* Begin PBXProject section */
		18BB83C1237AB74D00AA1154 /* Project object */ = {
			isa = PBXProject;
			attributes = {
				LastSwiftUpdateCheck = 1120;
				LastUpgradeCheck = 1120;
				ORGANIZATIONNAME = Mobgen;
				TargetAttributes = {
					18BB83C8237AB74D00AA1154 = {
						CreatedOnToolsVersion = 11.2;
					};
					18BB83E1237AB74F00AA1154 = {
						CreatedOnToolsVersion = 11.2;
						TestTargetID = 18BB83C8237AB74D00AA1154;
					};
					18BB83EC237AB75000AA1154 = {
						CreatedOnToolsVersion = 11.2;
						TestTargetID = 18BB83C8237AB74D00AA1154;
					};
				};
			};
			buildConfigurationList = 18BB83C4237AB74D00AA1154 /* Build configuration list for PBXProject "StringCalculator" */;
			compatibilityVersion = "Xcode 9.3";
			developmentRegion = en;
			hasScannedForEncodings = 0;
			knownRegions = (
				en,
				Base,
			);
			mainGroup = 18BB83C0237AB74D00AA1154;
			productRefGroup = 18BB83CA237AB74D00AA1154 /* Products */;
			projectDirPath = "";
			projectRoot = "";
			targets = (
				18BB83C8237AB74D00AA1154 /* StringCalculator */,
				18BB83E1237AB74F00AA1154 /* StringCalculatorTests */,
				18BB83EC237AB75000AA1154 /* StringCalculatorUITests */,
			);
		};
/* End PBXProject section */

/* Begin PBXResourcesBuildPhase section */
		18BB83C7237AB74D00AA1154 /* Resources */ = {
			isa = PBXResourcesBuildPhase;
			buildActionMask = 2147483647;
			files = (
				18BB83DC237AB74F00AA1154 /* LaunchScreen.storyboard in Resources */,
				18BB83D9237AB74F00AA1154 /* Preview Assets.xcassets in Resources */,
				18BB83D6237AB74F00AA1154 /* Assets.xcassets in Resources */,
			);
			runOnlyForDeploymentPostprocessing = 0;
		};
		18BB83E0237AB74F00AA1154 /* Resources */ = {
			isa = PBXResourcesBuildPhase;
			buildActionMask = 2147483647;
			files = (
			);
			runOnlyForDeploymentPostprocessing = 0;
		};
		18BB83EB237AB75000AA1154 /* Resources */ = {
			isa = PBXResourcesBuildPhase;
			buildActionMask = 2147483647;
			files = (
			);
			runOnlyForDeploymentPostprocessing = 0;
		};
/* End PBXResourcesBuildPhase section */

/* Begin PBXSourcesBuildPhase section */
		18BB83C5237AB74D00AA1154 /* Sources */ = {
			isa = PBXSourcesBuildPhase;
			buildActionMask = 2147483647;
			files = (
				18BB83CD237AB74D00AA1154 /* AppDelegate.swift in Sources */,
				18BB83CF237AB74D00AA1154 /* SceneDelegate.swift in Sources */,
				18BB83D4237AB74D00AA1154 /* ContentView.swift in Sources */,
				18BB83D2237AB74D00AA1154 /* StringCalculator.xcdatamodeld in Sources */,
			);
			runOnlyForDeploymentPostprocessing = 0;
		};
		18BB83DE237AB74F00AA1154 /* Sources */ = {
			isa = PBXSourcesBuildPhase;
			buildActionMask = 2147483647;
			files = (
				18BB83E7237AB74F00AA1154 /* StringCalculatorTests.swift in Sources */,
			);
			runOnlyForDeploymentPostprocessing = 0;
		};
		18BB83E9237AB75000AA1154 /* Sources */ = {
			isa = PBXSourcesBuildPhase;
			buildActionMask = 2147483647;
			files = (
				18BB83F2237AB75000AA1154 /* StringCalculatorUITests.swift in Sources */,
			);
			runOnlyForDeploymentPostprocessing = 0;
		};
/* End PBXSourcesBuildPhase section */

/* Begin PBXTargetDependency section */
		18BB83E4237AB74F00AA1154 /* PBXTargetDependency */ = {
			isa = PBXTargetDependency;
			target = 18BB83C8237AB74D00AA1154 /* StringCalculator */;
			targetProxy = 18BB83E3237AB74F00AA1154 /* PBXContainerItemProxy */;
		};
		18BB83EF237AB75000AA1154 /* PBXTargetDependency */ = {
			isa = PBXTargetDependency;
			target = 18BB83C8237AB74D00AA1154 /* StringCalculator */;
			targetProxy = 18BB83EE237AB75000AA1154 /* PBXContainerItemProxy */;
		};
/* End PBXTargetDependency section */

/* Begin PBXVariantGroup section */
		18BB83DA237AB74F00AA1154 /* LaunchScreen.storyboard */ = {
			isa = PBXVariantGroup;
			children = (
				18BB83DB237AB74F00AA1154 /* Base */,
			);
			name = LaunchScreen.storyboard;
			sourceTree = "<group>";
		};
/* End PBXVariantGroup section */

/* Begin XCBuildConfiguration section */
		18BB83F4237AB75000AA1154 /* Debug */ = {
			isa = XCBuildConfiguration;
			buildSettings = {
				ALWAYS_SEARCH_USER_PATHS = NO;
				CLANG_ANALYZER_NONNULL = YES;
				CLANG_ANALYZER_NUMBER_OBJECT_CONVERSION = YES_AGGRESSIVE;
				CLANG_CXX_LANGUAGE_STANDARD = "gnu++14";
				CLANG_CXX_LIBRARY = "libc++";
				CLANG_ENABLE_MODULES = YES;
				CLANG_ENABLE_OBJC_ARC = YES;
				CLANG_ENABLE_OBJC_WEAK = YES;
				CLANG_WARN_BLOCK_CAPTURE_AUTORELEASING = YES;
				CLANG_WARN_BOOL_CONVERSION = YES;
				CLANG_WARN_COMMA = YES;
				CLANG_WARN_CONSTANT_CONVERSION = YES;
				CLANG_WARN_DEPRECATED_OBJC_IMPLEMENTATIONS = YES;
				CLANG_WARN_DIRECT_OBJC_ISA_USAGE = YES_ERROR;
				CLANG_WARN_DOCUMENTATION_COMMENTS = YES;
				CLANG_WARN_EMPTY_BODY = YES;
				CLANG_WARN_ENUM_CONVERSION = YES;
				CLANG_WARN_INFINITE_RECURSION = YES;
				CLANG_WARN_INT_CONVERSION = YES;
				CLANG_WARN_NON_LITERAL_NULL_CONVERSION = YES;
				CLANG_WARN_OBJC_IMPLICIT_RETAIN_SELF = YES;
				CLANG_WARN_OBJC_LITERAL_CONVERSION = YES;
				CLANG_WARN_OBJC_ROOT_CLASS = YES_ERROR;
				CLANG_WARN_RANGE_LOOP_ANALYSIS = YES;
				CLANG_WARN_STRICT_PROTOTYPES = YES;
				CLANG_WARN_SUSPICIOUS_MOVE = YES;
				CLANG_WARN_UNGUARDED_AVAILABILITY = YES_AGGRESSIVE;
				CLANG_WARN_UNREACHABLE_CODE = YES;
				CLANG_WARN__DUPLICATE_METHOD_MATCH = YES;
				COPY_PHASE_STRIP = NO;
				DEBUG_INFORMATION_FORMAT = dwarf;
				ENABLE_STRICT_OBJC_MSGSEND = YES;
				ENABLE_TESTABILITY = YES;
				GCC_C_LANGUAGE_STANDARD = gnu11;
				GCC_DYNAMIC_NO_PIC = NO;
				GCC_NO_COMMON_BLOCKS = YES;
				GCC_OPTIMIZATION_LEVEL = 0;
				GCC_PREPROCESSOR_DEFINITIONS = (
					"DEBUG=1",
					"$(inherited)",
				);
				GCC_WARN_64_TO_32_BIT_CONVERSION = YES;
				GCC_WARN_ABOUT_RETURN_TYPE = YES_ERROR;
				GCC_WARN_UNDECLARED_SELECTOR = YES;
				GCC_WARN_UNINITIALIZED_AUTOS = YES_AGGRESSIVE;
				GCC_WARN_UNUSED_FUNCTION = YES;
				GCC_WARN_UNUSED_VARIABLE = YES;
				IPHONEOS_DEPLOYMENT_TARGET = 13.2;
				MTL_ENABLE_DEBUG_INFO = INCLUDE_SOURCE;
				MTL_FAST_MATH = YES;
				ONLY_ACTIVE_ARCH = YES;
				SDKROOT = iphoneos;
				SWIFT_ACTIVE_COMPILATION_CONDITIONS = DEBUG;
				SWIFT_OPTIMIZATION_LEVEL = "-Onone";
			};
			name = Debug;
		};
		18BB83F5237AB75000AA1154 /* Release */ = {
			isa = XCBuildConfiguration;
			buildSettings = {
				ALWAYS_SEARCH_USER_PATHS = NO;
				CLANG_ANALYZER_NONNULL = YES;
				CLANG_ANALYZER_NUMBER_OBJECT_CONVERSION = YES_AGGRESSIVE;
				CLANG_CXX_LANGUAGE_STANDARD = "gnu++14";
				CLANG_CXX_LIBRARY = "libc++";
				CLANG_ENABLE_MODULES = YES;
				CLANG_ENABLE_OBJC_ARC = YES;
				CLANG_ENABLE_OBJC_WEAK = YES;
				CLANG_WARN_BLOCK_CAPTURE_AUTORELEASING = YES;
				CLANG_WARN_BOOL_CONVERSION = YES;
				CLANG_WARN_COMMA = YES;
				CLANG_WARN_CONSTANT_CONVERSION = YES;
				CLANG_WARN_DEPRECATED_OBJC_IMPLEMENTATIONS = YES;
				CLANG_WARN_DIRECT_OBJC_ISA_USAGE = YES_ERROR;
				CLANG_WARN_DOCUMENTATION_COMMENTS = YES;
				CLANG_WARN_EMPTY_BODY = YES;
				CLANG_WARN_ENUM_CONVERSION = YES;
				CLANG_WARN_INFINITE_RECURSION = YES;
				CLANG_WARN_INT_CONVERSION = YES;
				CLANG_WARN_NON_LITERAL_NULL_CONVERSION = YES;
				CLANG_WARN_OBJC_IMPLICIT_RETAIN_SELF = YES;
				CLANG_WARN_OBJC_LITERAL_CONVERSION = YES;
				CLANG_WARN_OBJC_ROOT_CLASS = YES_ERROR;
				CLANG_WARN_RANGE_LOOP_ANALYSIS = YES;
				CLANG_WARN_STRICT_PROTOTYPES = YES;
				CLANG_WARN_SUSPICIOUS_MOVE = YES;
				CLANG_WARN_UNGUARDED_AVAILABILITY = YES_AGGRESSIVE;
				CLANG_WARN_UNREACHABLE_CODE = YES;
				CLANG_WARN__DUPLICATE_METHOD_MATCH = YES;
				COPY_PHASE_STRIP = NO;
				DEBUG_INFORMATION_FORMAT = "dwarf-with-dsym";
				ENABLE_NS_ASSERTIONS = NO;
				ENABLE_STRICT_OBJC_MSGSEND = YES;
				GCC_C_LANGUAGE_STANDARD = gnu11;
				GCC_NO_COMMON_BLOCKS = YES;
				GCC_WARN_64_TO_32_BIT_CONVERSION = YES;
				GCC_WARN_ABOUT_RETURN_TYPE = YES_ERROR;
				GCC_WARN_UNDECLARED_SELECTOR = YES;
				GCC_WARN_UNINITIALIZED_AUTOS = YES_AGGRESSIVE;
				GCC_WARN_UNUSED_FUNCTION = YES;
				GCC_WARN_UNUSED_VARIABLE = YES;
				IPHONEOS_DEPLOYMENT_TARGET = 13.2;
				MTL_ENABLE_DEBUG_INFO = NO;
				MTL_FAST_MATH = YES;
				SDKROOT = iphoneos;
				SWIFT_COMPILATION_MODE = wholemodule;
				SWIFT_OPTIMIZATION_LEVEL = "-O";
				VALIDATE_PRODUCT = YES;
			};
			name = Release;
		};
		18BB83F7237AB75000AA1154 /* Debug */ = {
			isa = XCBuildConfiguration;
			buildSettings = {
				ASSETCATALOG_COMPILER_APPICON_NAME = AppIcon;
				CODE_SIGN_STYLE = Automatic;
				DEVELOPMENT_ASSET_PATHS = "\"StringCalculator/Preview Content\"";
				DEVELOPMENT_TEAM = 49934BYA74;
				ENABLE_PREVIEWS = YES;
				INFOPLIST_FILE = StringCalculator/Info.plist;
				LD_RUNPATH_SEARCH_PATHS = (
					"$(inherited)",
					"@executable_path/Frameworks",
				);
				PRODUCT_BUNDLE_IDENTIFIER = com.mobgen.stringCalculator.StringCalculator;
				PRODUCT_NAME = "$(TARGET_NAME)";
				SWIFT_VERSION = 5.0;
				TARGETED_DEVICE_FAMILY = "1,2";
			};
			name = Debug;
		};
		18BB83F8237AB75000AA1154 /* Release */ = {
			isa = XCBuildConfiguration;
			buildSettings = {
				ASSETCATALOG_COMPILER_APPICON_NAME = AppIcon;
				CODE_SIGN_STYLE = Automatic;
				DEVELOPMENT_ASSET_PATHS = "\"StringCalculator/Preview Content\"";
				DEVELOPMENT_TEAM = 49934BYA74;
				ENABLE_PREVIEWS = YES;
				INFOPLIST_FILE = StringCalculator/Info.plist;
				LD_RUNPATH_SEARCH_PATHS = (
					"$(inherited)",
					"@executable_path/Frameworks",
				);
				PRODUCT_BUNDLE_IDENTIFIER = com.mobgen.stringCalculator.StringCalculator;
				PRODUCT_NAME = "$(TARGET_NAME)";
				SWIFT_VERSION = 5.0;
				TARGETED_DEVICE_FAMILY = "1,2";
			};
			name = Release;
		};
		18BB83FA237AB75000AA1154 /* Debug */ = {
			isa = XCBuildConfiguration;
			buildSettings = {
				ALWAYS_EMBED_SWIFT_STANDARD_LIBRARIES = YES;
				BUNDLE_LOADER = "$(TEST_HOST)";
				CODE_SIGN_STYLE = Automatic;
				DEVELOPMENT_TEAM = 49934BYA74;
				INFOPLIST_FILE = StringCalculatorTests/Info.plist;
				IPHONEOS_DEPLOYMENT_TARGET = 13.2;
				LD_RUNPATH_SEARCH_PATHS = (
					"$(inherited)",
					"@executable_path/Frameworks",
					"@loader_path/Frameworks",
				);
				PRODUCT_BUNDLE_IDENTIFIER = com.mobgen.stringCalculator.StringCalculatorTests;
				PRODUCT_NAME = "$(TARGET_NAME)";
				SWIFT_VERSION = 5.0;
				TARGETED_DEVICE_FAMILY = "1,2";
				TEST_HOST = "$(BUILT_PRODUCTS_DIR)/StringCalculator.app/StringCalculator";
			};
			name = Debug;
		};
		18BB83FB237AB75000AA1154 /* Release */ = {
			isa = XCBuildConfiguration;
			buildSettings = {
				ALWAYS_EMBED_SWIFT_STANDARD_LIBRARIES = YES;
				BUNDLE_LOADER = "$(TEST_HOST)";
				CODE_SIGN_STYLE = Automatic;
				DEVELOPMENT_TEAM = 49934BYA74;
				INFOPLIST_FILE = StringCalculatorTests/Info.plist;
				IPHONEOS_DEPLOYMENT_TARGET = 13.2;
				LD_RUNPATH_SEARCH_PATHS = (
					"$(inherited)",
					"@executable_path/Frameworks",
					"@loader_path/Frameworks",
				);
				PRODUCT_BUNDLE_IDENTIFIER = com.mobgen.stringCalculator.StringCalculatorTests;
				PRODUCT_NAME = "$(TARGET_NAME)";
				SWIFT_VERSION = 5.0;
				TARGETED_DEVICE_FAMILY = "1,2";
				TEST_HOST = "$(BUILT_PRODUCTS_DIR)/StringCalculator.app/StringCalculator";
			};
			name = Release;
		};
		18BB83FD237AB75000AA1154 /* Debug */ = {
			isa = XCBuildConfiguration;
			buildSettings = {
				ALWAYS_EMBED_SWIFT_STANDARD_LIBRARIES = YES;
				CODE_SIGN_STYLE = Automatic;
				DEVELOPMENT_TEAM = 49934BYA74;
				INFOPLIST_FILE = StringCalculatorUITests/Info.plist;
				LD_RUNPATH_SEARCH_PATHS = (
					"$(inherited)",
					"@executable_path/Frameworks",
					"@loader_path/Frameworks",
				);
				PRODUCT_BUNDLE_IDENTIFIER = com.mobgen.stringCalculator.StringCalculatorUITests;
				PRODUCT_NAME = "$(TARGET_NAME)";
				SWIFT_VERSION = 5.0;
				TARGETED_DEVICE_FAMILY = "1,2";
				TEST_TARGET_NAME = StringCalculator;
			};
			name = Debug;
		};
		18BB83FE237AB75000AA1154 /* Release */ = {
			isa = XCBuildConfiguration;
			buildSettings = {
				ALWAYS_EMBED_SWIFT_STANDARD_LIBRARIES = YES;
				CODE_SIGN_STYLE = Automatic;
				DEVELOPMENT_TEAM = 49934BYA74;
				INFOPLIST_FILE = StringCalculatorUITests/Info.plist;
				LD_RUNPATH_SEARCH_PATHS = (
					"$(inherited)",
					"@executable_path/Frameworks",
					"@loader_path/Frameworks",
				);
				PRODUCT_BUNDLE_IDENTIFIER = com.mobgen.stringCalculator.StringCalculatorUITests;
				PRODUCT_NAME = "$(TARGET_NAME)";
				SWIFT_VERSION = 5.0;
				TARGETED_DEVICE_FAMILY = "1,2";
				TEST_TARGET_NAME = StringCalculator;
			};
			name = Release;
		};
/* End XCBuildConfiguration section */

/* Begin XCConfigurationList section */
		18BB83C4237AB74D00AA1154 /* Build configuration list for PBXProject "StringCalculator" */ = {
			isa = XCConfigurationList;
			buildConfigurations = (
				18BB83F4237AB75000AA1154 /* Debug */,
				18BB83F5237AB75000AA1154 /* Release */,
			);
			defaultConfigurationIsVisible = 0;
			defaultConfigurationName = Release;
		};
		18BB83F6237AB75000AA1154 /* Build configuration list for PBXNativeTarget "StringCalculator" */ = {
			isa = XCConfigurationList;
			buildConfigurations = (
				18BB83F7237AB75000AA1154 /* Debug */,
				18BB83F8237AB75000AA1154 /* Release */,
			);
			defaultConfigurationIsVisible = 0;
			defaultConfigurationName = Release;
		};
		18BB83F9237AB75000AA1154 /* Build configuration list for PBXNativeTarget "StringCalculatorTests" */ = {
			isa = XCConfigurationList;
			buildConfigurations = (
				18BB83FA237AB75000AA1154 /* Debug */,
				18BB83FB237AB75000AA1154 /* Release */,
			);
			defaultConfigurationIsVisible = 0;
			defaultConfigurationName = Release;
		};
		18BB83FC237AB75000AA1154 /* Build configuration list for PBXNativeTarget "StringCalculatorUITests" */ = {
			isa = XCConfigurationList;
			buildConfigurations = (
				18BB83FD237AB75000AA1154 /* Debug */,
				18BB83FE237AB75000AA1154 /* Release */,
			);
			defaultConfigurationIsVisible = 0;
			defaultConfigurationName = Release;
		};
/* End XCConfigurationList section */

/* Begin XCVersionGroup section */
		18BB83D0237AB74D00AA1154 /* StringCalculator.xcdatamodeld */ = {
			isa = XCVersionGroup;
			children = (
				18BB83D1237AB74D00AA1154 /* StringCalculator.xcdatamodel */,
			);
			currentVersion = 18BB83D1237AB74D00AA1154 /* StringCalculator.xcdatamodel */;
			path = StringCalculator.xcdatamodeld;
			sourceTree = "<group>";
			versionGroupType = wrapper.xcdatamodel;
		};
/* End XCVersionGroup section */
	};
	rootObject = 18BB83C1237AB74D00AA1154 /* Project object */;
}
